
Microsoft Visual Studio Solution File, Format Version 12.00
# Visual Studio 15
VisualStudioVersion = 15.0.26730.12
MinimumVisualStudioVersion = 10.0.40219.1
Project("{FAE04EC0-301F-11D3-BF4B-00C04F79EFBC}") = "Smartcard", "Smartcard\Smartcard.csproj", "{7BA8E529-7F1F-4CD9-A843-9799E3A87021}"
EndProject
Project("{FAE04EC0-301F-11D3-BF4B-00C04F79EFBC}") = "SmartTrigger", "SmartTrigger\SmartTrigger.csproj", "{83F2982B-F9DD-440C-8D23-7B1F27D5C7F5}"
EndProject
Global
	GlobalSection(SolutionConfigurationPlatforms) = preSolution
		Debug|Any CPU = Debug|Any CPU
		Release|Any CPU = Release|Any CPU
	EndGlobalSection
	GlobalSection(ProjectConfigurationPlatforms) = postSolution
		{7BA8E529-7F1F-4CD9-A843-9799E3A87021}.Debug|Any CPU.ActiveCfg = Debug|Any CPU
		{7BA8E529-7F1F-4CD9-A843-9799E3A87021}.Debug|Any CPU.Build.0 = Debug|Any CPU
		{7BA8E529-7F1F-4CD9-A843-9799E3A87021}.Release|Any CPU.ActiveCfg = Release|Any CPU
		{7BA8E529-7F1F-4CD9-A843-9799E3A87021}.Release|Any CPU.Build.0 = Release|Any CPU
		{83F2982B-F9DD-440C-8D23-7B1F27D5C7F5}.Debug|Any CPU.ActiveCfg = Debug|Any CPU
		{83F2982B-F9DD-440C-8D23-7B1F27D5C7F5}.Debug|Any CPU.Build.0 = Debug|Any CPU
		{83F2982B-F9DD-440C-8D23-7B1F27D5C7F5}.Release|Any CPU.ActiveCfg = Release|Any CPU
		{83F2982B-F9DD-440C-8D23-7B1F27D5C7F5}.Release|Any CPU.Build.0 = Release|Any CPU
	EndGlobalSection
	GlobalSection(SolutionProperties) = preSolution
		HideSolutionNode = FALSE
	EndGlobalSection
	GlobalSection(ExtensibilityGlobals) = postSolution
		SolutionGuid = {B5915C8D-6EA6-4DA1-9039-C6C92D70BB2D}
	EndGlobalSection
EndGlobal
